
Microsoft Visual Studio Solution File, Format Version 12.00
# Visual Studio Version 16
VisualStudioVersion = 16.0.33529.622
MinimumVisualStudioVersion = 10.0.40219.1
Project("{FAE04EC0-301F-11D3-BF4B-00C04F79EFBC}") = "ChatGPT Bot", "ChatGPT Bot\ChatGPT Bot.csproj", "{FE8920E2-9D3A-4720-ABE5-272754BC7F76}"
EndProject
Global
	GlobalSection(SolutionConfigurationPlatforms) = preSolution
		Debug|Any CPU = Debug|Any CPU
		Release|Any CPU = Release|Any CPU
	EndGlobalSection
	GlobalSection(ProjectConfigurationPlatforms) = postSolution
		{FE8920E2-9D3A-4720-ABE5-272754BC7F76}.Debug|Any CPU.ActiveCfg = Debug|Any CPU
		{FE8920E2-9D3A-4720-ABE5-272754BC7F76}.Debug|Any CPU.Build.0 = Debug|Any CPU
		{FE8920E2-9D3A-4720-ABE5-272754BC7F76}.Release|Any CPU.ActiveCfg = Release|Any CPU
		{FE8920E2-9D3A-4720-ABE5-272754BC7F76}.Release|Any CPU.Build.0 = Release|Any CPU
	EndGlobalSection
	GlobalSection(SolutionProperties) = preSolution
		HideSolutionNode = FALSE
	EndGlobalSection
	GlobalSection(ExtensibilityGlobals) = postSolution
		SolutionGuid = {9497DE61-4381-4CC6-BCB0-802034367FC5}
	EndGlobalSection
EndGlobal
